// !$*UTF8*$!
{
	archiveVersion = 1;
	classes = {
	};
	objectVersion = 48;
	objects = {

/* Begin PBXBuildFile section */
		2E38FDAF20533870009ACE7E /* AppDelegate.swift in Sources */ = {isa = PBXBuildFile; fileRef = 2E38FDAE20533870009ACE7E /* AppDelegate.swift */; };
		2E38FDB120533870009ACE7E /* ViewController.swift in Sources */ = {isa = PBXBuildFile; fileRef = 2E38FDB020533870009ACE7E /* ViewController.swift */; };
		2E38FDB420533870009ACE7E /* Main.storyboard in Resources */ = {isa = PBXBuildFile; fileRef = 2E38FDB220533870009ACE7E /* Main.storyboard */; };
		2E38FDB620533870009ACE7E /* Assets.xcassets in Resources */ = {isa = PBXBuildFile; fileRef = 2E38FDB520533870009ACE7E /* Assets.xcassets */; };
		2E38FDB920533870009ACE7E /* LaunchScreen.storyboard in Resources */ = {isa = PBXBuildFile; fileRef = 2E38FDB720533870009ACE7E /* LaunchScreen.storyboard */; };
/* End PBXBuildFile section */

/* Begin PBXFileReference section */
		2E38FDAB20533870009ACE7E /* CampgroundManagerSignIn.app */ = {isa = PBXFileReference; explicitFileType = wrapper.application; includeInIndex = 0; path = CampgroundManagerSignIn.app; sourceTree = BUILT_PRODUCTS_DIR; };
		2E38FDAE20533870009ACE7E /* AppDelegate.swift */ = {isa = PBXFileReference; lastKnownFileType = sourcecode.swift; path = AppDelegate.swift; sourceTree = "<group>"; };
		2E38FDB020533870009ACE7E /* ViewController.swift */ = {isa = PBXFileReference; lastKnownFileType = sourcecode.swift; path = ViewController.swift; sourceTree = "<group>"; };
		2E38FDB320533870009ACE7E /* Base */ = {isa = PBXFileReference; lastKnownFileType = file.storyboard; name = Base; path = Base.lproj/Main.storyboard; sourceTree = "<group>"; };
		2E38FDB520533870009ACE7E /* Assets.xcassets */ = {isa = PBXFileReference; lastKnownFileType = folder.assetcatalog; path = Assets.xcassets; sourceTree = "<group>"; };
		2E38FDB820533870009ACE7E /* Base */ = {isa = PBXFileReference; lastKnownFileType = file.storyboard; name = Base; path = Base.lproj/LaunchScreen.storyboard; sourceTree = "<group>"; };
		2E38FDBA20533870009ACE7E /* Info.plist */ = {isa = PBXFileReference; lastKnownFileType = text.plist.xml; path = Info.plist; sourceTree = "<group>"; };
/* End PBXFileReference section */

/* Begin PBXFrameworksBuildPhase section */
		2E38FDA82053386F009ACE7E /* Frameworks */ = {
			isa = PBXFrameworksBuildPhase;
			buildActionMask = 2147483647;
			files = (
			);
			runOnlyForDeploymentPostprocessing = 0;
		};
/* End PBXFrameworksBuildPhase section */

/* Begin PBXGroup section */
		2E38FDA22053386F009ACE7E = {
			isa = PBXGroup;
			children = (
				2E38FDAD20533870009ACE7E /* CampgroundManagerSignIn */,
				2E38FDAC20533870009ACE7E /* Products */,
			);
			sourceTree = "<group>";
		};
		2E38FDAC20533870009ACE7E /* Products */ = {
			isa = PBXGroup;
			children = (
				2E38FDAB20533870009ACE7E /* CampgroundManagerSignIn.app */,
			);
			name = Products;
			sourceTree = "<group>";
		};
		2E38FDAD20533870009ACE7E /* CampgroundManagerSignIn */ = {
			isa = PBXGroup;
			children = (
				2E38FDAE20533870009ACE7E /* AppDelegate.swift */,
				2E38FDB020533870009ACE7E /* ViewController.swift */,
				2E38FDB220533870009ACE7E /* Main.storyboard */,
				2E38FDB520533870009ACE7E /* Assets.xcassets */,
				2E38FDB720533870009ACE7E /* LaunchScreen.storyboard */,
				2E38FDBA20533870009ACE7E /* Info.plist */,
			);
			path = CampgroundManagerSignIn;
			sourceTree = "<group>";
		};
/* End PBXGroup section */

/* Begin PBXNativeTarget section */
		2E38FDAA2053386F009ACE7E /* CampgroundManagerSignIn */ = {
			isa = PBXNativeTarget;
			buildConfigurationList = 2E38FDBD20533870009ACE7E /* Build configuration list for PBXNativeTarget "CampgroundManagerSignIn" */;
			buildPhases = (
				2E38FDA72053386F009ACE7E /* Sources */,
				2E38FDA82053386F009ACE7E /* Frameworks */,
				2E38FDA92053386F009ACE7E /* Resources */,
			);
			buildRules = (
			);
			dependencies = (
			);
			name = CampgroundManagerSignIn;
			productName = CampgroundManagerSignIn;
			productReference = 2E38FDAB20533870009ACE7E /* CampgroundManagerSignIn.app */;
			productType = "com.apple.product-type.application";
		};
/* End PBXNativeTarget section */

/* Begin PBXProject section */
		2E38FDA32053386F009ACE7E /* Project object */ = {
			isa = PBXProject;
			attributes = {
				LastSwiftUpdateCheck = 0920;
				LastUpgradeCheck = 0920;
				ORGANIZATIONNAME = "Robert Wais";
				TargetAttributes = {
					2E38FDAA2053386F009ACE7E = {
						CreatedOnToolsVersion = 9.2;
						ProvisioningStyle = Automatic;
					};
				};
			};
			buildConfigurationList = 2E38FDA62053386F009ACE7E /* Build configuration list for PBXProject "CampgroundManagerSignIn" */;
			compatibilityVersion = "Xcode 8.0";
			developmentRegion = en;
			hasScannedForEncodings = 0;
			knownRegions = (
				en,
				Base,
			);
			mainGroup = 2E38FDA22053386F009ACE7E;
			productRefGroup = 2E38FDAC20533870009ACE7E /* Products */;
			projectDirPath = "";
			projectRoot = "";
			targets = (
				2E38FDAA2053386F009ACE7E /* CampgroundManagerSignIn */,
			);
		};
/* End PBXProject section */

/* Begin PBXResourcesBuildPhase section */
		2E38FDA92053386F009ACE7E /* Resources */ = {
			isa = PBXResourcesBuildPhase;
			buildActionMask = 2147483647;
			files = (
				2E38FDB920533870009ACE7E /* LaunchScreen.storyboard in Resources */,
				2E38FDB620533870009ACE7E /* Assets.xcassets in Resources */,
				2E38FDB420533870009ACE7E /* Main.storyboard in Resources */,
			);
			runOnlyForDeploymentPostprocessing = 0;
		};
/* End PBXResourcesBuildPhase section */

/* Begin PBXSourcesBuildPhase section */
		2E38FDA72053386F009ACE7E /* Sources */ = {
			isa = PBXSourcesBuildPhase;
			buildActionMask = 2147483647;
			files = (
				2E38FDB120533870009ACE7E /* ViewController.swift in Sources */,
				2E38FDAF20533870009ACE7E /* AppDelegate.swift in Sources */,
			);
			runOnlyForDeploymentPostprocessing = 0;
		};
/* End PBXSourcesBuildPhase section */

/* Begin PBXVariantGroup section */
		2E38FDB220533870009ACE7E /* Main.storyboard */ = {
			isa = PBXVariantGroup;
			children = (
				2E38FDB320533870009ACE7E /* Base */,
			);
			name = Main.storyboard;
			sourceTree = "<group>";
		};
		2E38FDB720533870009ACE7E /* LaunchScreen.storyboard */ = {
			isa = PBXVariantGroup;
			children = (
				2E38FDB820533870009ACE7E /* Base */,
			);
			name = LaunchScreen.storyboard;
			sourceTree = "<group>";
		};
/* End PBXVariantGroup section */

/* Begin XCBuildConfiguration section */
		2E38FDBB20533870009ACE7E /* Debug */ = {
			isa = XCBuildConfiguration;
			buildSettings = {
				ALWAYS_SEARCH_USER_PATHS = NO;
				CLANG_ANALYZER_NONNULL = YES;
				CLANG_ANALYZER_NUMBER_OBJECT_CONVERSION = YES_AGGRESSIVE;
				CLANG_CXX_LANGUAGE_STANDARD = "gnu++14";
				CLANG_CXX_LIBRARY = "libc++";
				CLANG_ENABLE_MODULES = YES;
				CLANG_ENABLE_OBJC_ARC = YES;
				CLANG_WARN_BLOCK_CAPTURE_AUTORELEASING = YES;
				CLANG_WARN_BOOL_CONVERSION = YES;
				CLANG_WARN_COMMA = YES;
				CLANG_WARN_CONSTANT_CONVERSION = YES;
				CLANG_WARN_DIRECT_OBJC_ISA_USAGE = YES_ERROR;
				CLANG_WARN_DOCUMENTATION_COMMENTS = YES;
				CLANG_WARN_EMPTY_BODY = YES;
				CLANG_WARN_ENUM_CONVERSION = YES;
				CLANG_WARN_INFINITE_RECURSION = YES;
				CLANG_WARN_INT_CONVERSION = YES;
				CLANG_WARN_NON_LITERAL_NULL_CONVERSION = YES;
				CLANG_WARN_OBJC_LITERAL_CONVERSION = YES;
				CLANG_WARN_OBJC_ROOT_CLASS = YES_ERROR;
				CLANG_WARN_RANGE_LOOP_ANALYSIS = YES;
				CLANG_WARN_STRICT_PROTOTYPES = YES;
				CLANG_WARN_SUSPICIOUS_MOVE = YES;
				CLANG_WARN_UNGUARDED_AVAILABILITY = YES_AGGRESSIVE;
				CLANG_WARN_UNREACHABLE_CODE = YES;
				CLANG_WARN__DUPLICATE_METHOD_MATCH = YES;
				CODE_SIGN_IDENTITY = "iPhone Developer";
				COPY_PHASE_STRIP = NO;
				DEBUG_INFORMATION_FORMAT = dwarf;
				ENABLE_STRICT_OBJC_MSGSEND = YES;
				ENABLE_TESTABILITY = YES;
				GCC_C_LANGUAGE_STANDARD = gnu11;
				GCC_DYNAMIC_NO_PIC = NO;
				GCC_NO_COMMON_BLOCKS = YES;
				GCC_OPTIMIZATION_LEVEL = 0;
				GCC_PREPROCESSOR_DEFINITIONS = (
					"DEBUG=1",
					"$(inherited)",
				);
				GCC_WARN_64_TO_32_BIT_CONVERSION = YES;
				GCC_WARN_ABOUT_RETURN_TYPE = YES_ERROR;
				GCC_WARN_UNDECLARED_SELECTOR = YES;
				GCC_WARN_UNINITIALIZED_AUTOS = YES_AGGRESSIVE;
				GCC_WARN_UNUSED_FUNCTION = YES;
				GCC_WARN_UNUSED_VARIABLE = YES;
				IPHONEOS_DEPLOYMENT_TARGET = 11.2;
				MTL_ENABLE_DEBUG_INFO = YES;
				ONLY_ACTIVE_ARCH = YES;
				SDKROOT = iphoneos;
				SWIFT_ACTIVE_COMPILATION_CONDITIONS = DEBUG;
				SWIFT_OPTIMIZATION_LEVEL = "-Onone";
			};
			name = Debug;
		};
		2E38FDBC20533870009ACE7E /* Release */ = {
			isa = XCBuildConfiguration;
			buildSettings = {
				ALWAYS_SEARCH_USER_PATHS = NO;
				CLANG_ANALYZER_NONNULL = YES;
				CLANG_ANALYZER_NUMBER_OBJECT_CONVERSION = YES_AGGRESSIVE;
				CLANG_CXX_LANGUAGE_STANDARD = "gnu++14";
				CLANG_CXX_LIBRARY = "libc++";
				CLANG_ENABLE_MODULES = YES;
				CLANG_ENABLE_OBJC_ARC = YES;
				CLANG_WARN_BLOCK_CAPTURE_AUTORELEASING = YES;
				CLANG_WARN_BOOL_CONVERSION = YES;
				CLANG_WARN_COMMA = YES;
				CLANG_WARN_CONSTANT_CONVERSION = YES;
				CLANG_WARN_DIRECT_OBJC_ISA_USAGE = YES_ERROR;
				CLANG_WARN_DOCUMENTATION_COMMENTS = YES;
				CLANG_WARN_EMPTY_BODY = YES;
				CLANG_WARN_ENUM_CONVERSION = YES;
				CLANG_WARN_INFINITE_RECURSION = YES;
				CLANG_WARN_INT_CONVERSION = YES;
				CLANG_WARN_NON_LITERAL_NULL_CONVERSION = YES;
				CLANG_WARN_OBJC_LITERAL_CONVERSION = YES;
				CLANG_WARN_OBJC_ROOT_CLASS = YES_ERROR;
				CLANG_WARN_RANGE_LOOP_ANALYSIS = YES;
				CLANG_WARN_STRICT_PROTOTYPES = YES;
				CLANG_WARN_SUSPICIOUS_MOVE = YES;
				CLANG_WARN_UNGUARDED_AVAILABILITY = YES_AGGRESSIVE;
				CLANG_WARN_UNREACHABLE_CODE = YES;
				CLANG_WARN__DUPLICATE_METHOD_MATCH = YES;
				CODE_SIGN_IDENTITY = "iPhone Developer";
				COPY_PHASE_STRIP = NO;
				DEBUG_INFORMATION_FORMAT = "dwarf-with-dsym";
				ENABLE_NS_ASSERTIONS = NO;
				ENABLE_STRICT_OBJC_MSGSEND = YES;
				GCC_C_LANGUAGE_STANDARD = gnu11;
				GCC_NO_COMMON_BLOCKS = YES;
				GCC_WARN_64_TO_32_BIT_CONVERSION = YES;
				GCC_WARN_ABOUT_RETURN_TYPE = YES_ERROR;
				GCC_WARN_UNDECLARED_SELECTOR = YES;
				GCC_WARN_UNINITIALIZED_AUTOS = YES_AGGRESSIVE;
				GCC_WARN_UNUSED_FUNCTION = YES;
				GCC_WARN_UNUSED_VARIABLE = YES;
				IPHONEOS_DEPLOYMENT_TARGET = 11.2;
				MTL_ENABLE_DEBUG_INFO = NO;
				SDKROOT = iphoneos;
				SWIFT_OPTIMIZATION_LEVEL = "-Owholemodule";
				VALIDATE_PRODUCT = YES;
			};
			name = Release;
		};
		2E38FDBE20533870009ACE7E /* Debug */ = {
			isa = XCBuildConfiguration;
			buildSettings = {
				ASSETCATALOG_COMPILER_APPICON_NAME = AppIcon;
				CODE_SIGN_STYLE = Automatic;
				INFOPLIST_FILE = CampgroundManagerSignIn/Info.plist;
				LD_RUNPATH_SEARCH_PATHS = "$(inherited) @executable_path/Frameworks";
				PRODUCT_BUNDLE_IDENTIFIER = com.Bob.CampgroundManagerSignIn;
				PRODUCT_NAME = "$(TARGET_NAME)";
				SWIFT_VERSION = 4.0;
				TARGETED_DEVICE_FAMILY = "1,2";
			};
			name = Debug;
		};
		2E38FDBF20533870009ACE7E /* Release */ = {
			isa = XCBuildConfiguration;
			buildSettings = {
				ASSETCATALOG_COMPILER_APPICON_NAME = AppIcon;
				CODE_SIGN_STYLE = Automatic;
				INFOPLIST_FILE = CampgroundManagerSignIn/Info.plist;
				LD_RUNPATH_SEARCH_PATHS = "$(inherited) @executable_path/Frameworks";
				PRODUCT_BUNDLE_IDENTIFIER = com.Bob.CampgroundManagerSignIn;
				PRODUCT_NAME = "$(TARGET_NAME)";
				SWIFT_VERSION = 4.0;
				TARGETED_DEVICE_FAMILY = "1,2";
			};
			name = Release;
		};
/* End XCBuildConfiguration section */

/* Begin XCConfigurationList section */
		2E38FDA62053386F009ACE7E /* Build configuration list for PBXProject "CampgroundManagerSignIn" */ = {
			isa = XCConfigurationList;
			buildConfigurations = (
				2E38FDBB20533870009ACE7E /* Debug */,
				2E38FDBC20533870009ACE7E /* Release */,
			);
			defaultConfigurationIsVisible = 0;
			defaultConfigurationName = Release;
		};
		2E38FDBD20533870009ACE7E /* Build configuration list for PBXNativeTarget "CampgroundManagerSignIn" */ = {
			isa = XCConfigurationList;
			buildConfigurations = (
				2E38FDBE20533870009ACE7E /* Debug */,
				2E38FDBF20533870009ACE7E /* Release */,
			);
			defaultConfigurationIsVisible = 0;
			defaultConfigurationName = Release;
		};
/* End XCConfigurationList section */
	};
	rootObject = 2E38FDA32053386F009ACE7E /* Project object */;
}
